{
  "nodes": {
    "extra-submodules": {
      "flake": false,
      "locked": {
        "lastModified": 1676898772,
        "narHash": "sha256-3KD1w3xsrsXPS+NEjjg0NAJyDVFFrK2U5bDkdKqWT4U=",
        "ref": "extra-submodules",
        "rev": "aff8046aba0307a3daede0cfb3410b1827047c0f",
        "revCount": 1,
        "type": "git",
        "url": "https://github.com/Kranzes/nix-flakes-submodules-test"
      },
      "original": {
        "ref": "extra-submodules",
        "type": "git",
        "url": "https://github.com/Kranzes/nix-flakes-submodules-test"
      }
    },
    "nixpkgs": {
      "locked": {
        "lastModified": 1676790509,
        "narHash": "sha256-W9uWAWokgS8US8rJf79qBLS2M+ZgIscfoz+KsNE7VGQ=",
        "owner": "NixOS",
        "repo": "nixpkgs",
        "rev": "a1291d0d020a200c7ce3c48e96090bfa4890a475",
        "type": "github"
      },
      "original": {
        "owner": "NixOS",
        "ref": "nixpkgs-unstable",
        "repo": "nixpkgs",
        "type": "github"
      }
    },
    "root": {
      "inputs": {
        "extra-submodules": "extra-submodules",
        "nixpkgs": "nixpkgs"
      }
    }
  },
  "root": "root",
  "version": 7
}
